// !$*UTF8*$!
{
	archiveVersion = 1;
	classes = {
	};
	objectVersion = 46;
	objects = {

/* Begin PBXBuildFile section */
		BA9406D21F9D7DF5007022EC /* SearchCollectionViewController.swift in Sources */ = {isa = PBXBuildFile; fileRef = BA9406D11F9D7DF5007022EC /* SearchCollectionViewController.swift */; };
		BA9406D41F9D7F60007022EC /* SearchCollectionViewCell.swift in Sources */ = {isa = PBXBuildFile; fileRef = BA9406D31F9D7F60007022EC /* SearchCollectionViewCell.swift */; };
		BA9406D61F9D8037007022EC /* MovieDisplayViewController.swift in Sources */ = {isa = PBXBuildFile; fileRef = BA9406D51F9D8037007022EC /* MovieDisplayViewController.swift */; };
		BA9406D81F9D812B007022EC /* FavoritesDisplayViewController.swift in Sources */ = {isa = PBXBuildFile; fileRef = BA9406D71F9D812B007022EC /* FavoritesDisplayViewController.swift */; };
		BADC7A371F9A617800E4035E /* AppDelegate.swift in Sources */ = {isa = PBXBuildFile; fileRef = BADC7A361F9A617800E4035E /* AppDelegate.swift */; };
		BADC7A3C1F9A617800E4035E /* Main.storyboard in Resources */ = {isa = PBXBuildFile; fileRef = BADC7A3A1F9A617800E4035E /* Main.storyboard */; };
		BADC7A3E1F9A617800E4035E /* Assets.xcassets in Resources */ = {isa = PBXBuildFile; fileRef = BADC7A3D1F9A617800E4035E /* Assets.xcassets */; };
		BADC7A411F9A617800E4035E /* LaunchScreen.storyboard in Resources */ = {isa = PBXBuildFile; fileRef = BADC7A3F1F9A617800E4035E /* LaunchScreen.storyboard */; };
		BADC7A4C1F9A617800E4035E /* MovieTimeTests.swift in Sources */ = {isa = PBXBuildFile; fileRef = BADC7A4B1F9A617800E4035E /* MovieTimeTests.swift */; };
		BADC7A571F9A617800E4035E /* MovieTimeUITests.swift in Sources */ = {isa = PBXBuildFile; fileRef = BADC7A561F9A617800E4035E /* MovieTimeUITests.swift */; };
		BADC7A651F9A61A900E4035E /* movie.swift in Sources */ = {isa = PBXBuildFile; fileRef = BADC7A641F9A61A900E4035E /* movie.swift */; };
		BADC7A671F9A61C500E4035E /* SwiftyJSON.swift in Sources */ = {isa = PBXBuildFile; fileRef = BADC7A661F9A61C500E4035E /* SwiftyJSON.swift */; };
/* End PBXBuildFile section */

/* Begin PBXContainerItemProxy section */
		BADC7A481F9A617800E4035E /* PBXContainerItemProxy */ = {
			isa = PBXContainerItemProxy;
			containerPortal = BADC7A2B1F9A617700E4035E /* Project object */;
			proxyType = 1;
			remoteGlobalIDString = BADC7A321F9A617800E4035E;
			remoteInfo = MovieTime;
		};
		BADC7A531F9A617800E4035E /* PBXContainerItemProxy */ = {
			isa = PBXContainerItemProxy;
			containerPortal = BADC7A2B1F9A617700E4035E /* Project object */;
			proxyType = 1;
			remoteGlobalIDString = BADC7A321F9A617800E4035E;
			remoteInfo = MovieTime;
		};
/* End PBXContainerItemProxy section */

/* Begin PBXFileReference section */
		BA9406D11F9D7DF5007022EC /* SearchCollectionViewController.swift */ = {isa = PBXFileReference; fileEncoding = 4; lastKnownFileType = sourcecode.swift; path = SearchCollectionViewController.swift; sourceTree = "<group>"; };
		BA9406D31F9D7F60007022EC /* SearchCollectionViewCell.swift */ = {isa = PBXFileReference; fileEncoding = 4; lastKnownFileType = sourcecode.swift; path = SearchCollectionViewCell.swift; sourceTree = "<group>"; };
		BA9406D51F9D8037007022EC /* MovieDisplayViewController.swift */ = {isa = PBXFileReference; fileEncoding = 4; lastKnownFileType = sourcecode.swift; path = MovieDisplayViewController.swift; sourceTree = "<group>"; };
		BA9406D71F9D812B007022EC /* FavoritesDisplayViewController.swift */ = {isa = PBXFileReference; fileEncoding = 4; lastKnownFileType = sourcecode.swift; path = FavoritesDisplayViewController.swift; sourceTree = "<group>"; };
		BADC7A331F9A617800E4035E /* MovieTime.app */ = {isa = PBXFileReference; explicitFileType = wrapper.application; includeInIndex = 0; path = MovieTime.app; sourceTree = BUILT_PRODUCTS_DIR; };
		BADC7A361F9A617800E4035E /* AppDelegate.swift */ = {isa = PBXFileReference; lastKnownFileType = sourcecode.swift; path = AppDelegate.swift; sourceTree = "<group>"; };
		BADC7A3B1F9A617800E4035E /* Base */ = {isa = PBXFileReference; lastKnownFileType = file.storyboard; name = Base; path = Base.lproj/Main.storyboard; sourceTree = "<group>"; };
		BADC7A3D1F9A617800E4035E /* Assets.xcassets */ = {isa = PBXFileReference; lastKnownFileType = folder.assetcatalog; path = Assets.xcassets; sourceTree = "<group>"; };
		BADC7A401F9A617800E4035E /* Base */ = {isa = PBXFileReference; lastKnownFileType = file.storyboard; name = Base; path = Base.lproj/LaunchScreen.storyboard; sourceTree = "<group>"; };
		BADC7A421F9A617800E4035E /* Info.plist */ = {isa = PBXFileReference; lastKnownFileType = text.plist.xml; path = Info.plist; sourceTree = "<group>"; };
		BADC7A471F9A617800E4035E /* MovieTimeTests.xctest */ = {isa = PBXFileReference; explicitFileType = wrapper.cfbundle; includeInIndex = 0; path = MovieTimeTests.xctest; sourceTree = BUILT_PRODUCTS_DIR; };
		BADC7A4B1F9A617800E4035E /* MovieTimeTests.swift */ = {isa = PBXFileReference; lastKnownFileType = sourcecode.swift; path = MovieTimeTests.swift; sourceTree = "<group>"; };
		BADC7A4D1F9A617800E4035E /* Info.plist */ = {isa = PBXFileReference; lastKnownFileType = text.plist.xml; path = Info.plist; sourceTree = "<group>"; };
		BADC7A521F9A617800E4035E /* MovieTimeUITests.xctest */ = {isa = PBXFileReference; explicitFileType = wrapper.cfbundle; includeInIndex = 0; path = MovieTimeUITests.xctest; sourceTree = BUILT_PRODUCTS_DIR; };
		BADC7A561F9A617800E4035E /* MovieTimeUITests.swift */ = {isa = PBXFileReference; lastKnownFileType = sourcecode.swift; path = MovieTimeUITests.swift; sourceTree = "<group>"; };
		BADC7A581F9A617800E4035E /* Info.plist */ = {isa = PBXFileReference; lastKnownFileType = text.plist.xml; path = Info.plist; sourceTree = "<group>"; };
		BADC7A641F9A61A900E4035E /* movie.swift */ = {isa = PBXFileReference; fileEncoding = 4; lastKnownFileType = sourcecode.swift; path = movie.swift; sourceTree = "<group>"; };
		BADC7A661F9A61C500E4035E /* SwiftyJSON.swift */ = {isa = PBXFileReference; fileEncoding = 4; lastKnownFileType = sourcecode.swift; path = SwiftyJSON.swift; sourceTree = "<group>"; };
/* End PBXFileReference section */

/* Begin PBXFrameworksBuildPhase section */
		BADC7A301F9A617800E4035E /* Frameworks */ = {
			isa = PBXFrameworksBuildPhase;
			buildActionMask = 2147483647;
			files = (
			);
			runOnlyForDeploymentPostprocessing = 0;
		};
		BADC7A441F9A617800E4035E /* Frameworks */ = {
			isa = PBXFrameworksBuildPhase;
			buildActionMask = 2147483647;
			files = (
			);
			runOnlyForDeploymentPostprocessing = 0;
		};
		BADC7A4F1F9A617800E4035E /* Frameworks */ = {
			isa = PBXFrameworksBuildPhase;
			buildActionMask = 2147483647;
			files = (
			);
			runOnlyForDeploymentPostprocessing = 0;
		};
/* End PBXFrameworksBuildPhase section */

/* Begin PBXGroup section */
		BADC7A2A1F9A617700E4035E = {
			isa = PBXGroup;
			children = (
				BADC7A351F9A617800E4035E /* MovieTime */,
				BADC7A4A1F9A617800E4035E /* MovieTimeTests */,
				BADC7A551F9A617800E4035E /* MovieTimeUITests */,
				BADC7A341F9A617800E4035E /* Products */,
			);
			sourceTree = "<group>";
		};
		BADC7A341F9A617800E4035E /* Products */ = {
			isa = PBXGroup;
			children = (
				BADC7A331F9A617800E4035E /* MovieTime.app */,
				BADC7A471F9A617800E4035E /* MovieTimeTests.xctest */,
				BADC7A521F9A617800E4035E /* MovieTimeUITests.xctest */,
			);
			name = Products;
			sourceTree = "<group>";
		};
		BADC7A351F9A617800E4035E /* MovieTime */ = {
			isa = PBXGroup;
			children = (
				BA9406D11F9D7DF5007022EC /* SearchCollectionViewController.swift */,
				BADC7A661F9A61C500E4035E /* SwiftyJSON.swift */,
				BADC7A361F9A617800E4035E /* AppDelegate.swift */,
				BADC7A3A1F9A617800E4035E /* Main.storyboard */,
				BA9406D31F9D7F60007022EC /* SearchCollectionViewCell.swift */,
				BA9406D51F9D8037007022EC /* MovieDisplayViewController.swift */,
				BADC7A3D1F9A617800E4035E /* Assets.xcassets */,
				BA9406D71F9D812B007022EC /* FavoritesDisplayViewController.swift */,
				BADC7A3F1F9A617800E4035E /* LaunchScreen.storyboard */,
				BADC7A421F9A617800E4035E /* Info.plist */,
				BADC7A641F9A61A900E4035E /* movie.swift */,
			);
			path = MovieTime;
			sourceTree = "<group>";
		};
		BADC7A4A1F9A617800E4035E /* MovieTimeTests */ = {
			isa = PBXGroup;
			children = (
				BADC7A4B1F9A617800E4035E /* MovieTimeTests.swift */,
				BADC7A4D1F9A617800E4035E /* Info.plist */,
			);
			path = MovieTimeTests;
			sourceTree = "<group>";
		};
		BADC7A551F9A617800E4035E /* MovieTimeUITests */ = {
			isa = PBXGroup;
			children = (
				BADC7A561F9A617800E4035E /* MovieTimeUITests.swift */,
				BADC7A581F9A617800E4035E /* Info.plist */,
			);
			path = MovieTimeUITests;
			sourceTree = "<group>";
		};
/* End PBXGroup section */

/* Begin PBXNativeTarget section */
		BADC7A321F9A617800E4035E /* MovieTime */ = {
			isa = PBXNativeTarget;
			buildConfigurationList = BADC7A5B1F9A617800E4035E /* Build configuration list for PBXNativeTarget "MovieTime" */;
			buildPhases = (
				BADC7A2F1F9A617800E4035E /* Sources */,
				BADC7A301F9A617800E4035E /* Frameworks */,
				BADC7A311F9A617800E4035E /* Resources */,
			);
			buildRules = (
			);
			dependencies = (
			);
			name = MovieTime;
			productName = MovieTime;
			productReference = BADC7A331F9A617800E4035E /* MovieTime.app */;
			productType = "com.apple.product-type.application";
		};
		BADC7A461F9A617800E4035E /* MovieTimeTests */ = {
			isa = PBXNativeTarget;
			buildConfigurationList = BADC7A5E1F9A617800E4035E /* Build configuration list for PBXNativeTarget "MovieTimeTests" */;
			buildPhases = (
				BADC7A431F9A617800E4035E /* Sources */,
				BADC7A441F9A617800E4035E /* Frameworks */,
				BADC7A451F9A617800E4035E /* Resources */,
			);
			buildRules = (
			);
			dependencies = (
				BADC7A491F9A617800E4035E /* PBXTargetDependency */,
			);
			name = MovieTimeTests;
			productName = MovieTimeTests;
			productReference = BADC7A471F9A617800E4035E /* MovieTimeTests.xctest */;
			productType = "com.apple.product-type.bundle.unit-test";
		};
		BADC7A511F9A617800E4035E /* MovieTimeUITests */ = {
			isa = PBXNativeTarget;
			buildConfigurationList = BADC7A611F9A617800E4035E /* Build configuration list for PBXNativeTarget "MovieTimeUITests" */;
			buildPhases = (
				BADC7A4E1F9A617800E4035E /* Sources */,
				BADC7A4F1F9A617800E4035E /* Frameworks */,
				BADC7A501F9A617800E4035E /* Resources */,
			);
			buildRules = (
			);
			dependencies = (
				BADC7A541F9A617800E4035E /* PBXTargetDependency */,
			);
			name = MovieTimeUITests;
			productName = MovieTimeUITests;
			productReference = BADC7A521F9A617800E4035E /* MovieTimeUITests.xctest */;
			productType = "com.apple.product-type.bundle.ui-testing";
		};
/* End PBXNativeTarget section */

/* Begin PBXProject section */
		BADC7A2B1F9A617700E4035E /* Project object */ = {
			isa = PBXProject;
			attributes = {
				LastSwiftUpdateCheck = 0830;
				LastUpgradeCheck = 0830;
				ORGANIZATIONNAME = "Evan Dhillon";
				TargetAttributes = {
					BADC7A321F9A617800E4035E = {
						CreatedOnToolsVersion = 8.3.3;
						ProvisioningStyle = Automatic;
					};
					BADC7A461F9A617800E4035E = {
						CreatedOnToolsVersion = 8.3.3;
						ProvisioningStyle = Automatic;
						TestTargetID = BADC7A321F9A617800E4035E;
					};
					BADC7A511F9A617800E4035E = {
						CreatedOnToolsVersion = 8.3.3;
						ProvisioningStyle = Automatic;
						TestTargetID = BADC7A321F9A617800E4035E;
					};
				};
			};
			buildConfigurationList = BADC7A2E1F9A617800E4035E /* Build configuration list for PBXProject "MovieTime" */;
			compatibilityVersion = "Xcode 3.2";
			developmentRegion = English;
			hasScannedForEncodings = 0;
			knownRegions = (
				en,
				Base,
			);
			mainGroup = BADC7A2A1F9A617700E4035E;
			productRefGroup = BADC7A341F9A617800E4035E /* Products */;
			projectDirPath = "";
			projectRoot = "";
			targets = (
				BADC7A321F9A617800E4035E /* MovieTime */,
				BADC7A461F9A617800E4035E /* MovieTimeTests */,
				BADC7A511F9A617800E4035E /* MovieTimeUITests */,
			);
		};
/* End PBXProject section */

/* Begin PBXResourcesBuildPhase section */
		BADC7A311F9A617800E4035E /* Resources */ = {
			isa = PBXResourcesBuildPhase;
			buildActionMask = 2147483647;
			files = (
				BADC7A411F9A617800E4035E /* LaunchScreen.storyboard in Resources */,
				BADC7A3E1F9A617800E4035E /* Assets.xcassets in Resources */,
				BADC7A3C1F9A617800E4035E /* Main.storyboard in Resources */,
			);
			runOnlyForDeploymentPostprocessing = 0;
		};
		BADC7A451F9A617800E4035E /* Resources */ = {
			isa = PBXResourcesBuildPhase;
			buildActionMask = 2147483647;
			files = (
			);
			runOnlyForDeploymentPostprocessing = 0;
		};
		BADC7A501F9A617800E4035E /* Resources */ = {
			isa = PBXResourcesBuildPhase;
			buildActionMask = 2147483647;
			files = (
			);
			runOnlyForDeploymentPostprocessing = 0;
		};
/* End PBXResourcesBuildPhase section */

/* Begin PBXSourcesBuildPhase section */
		BADC7A2F1F9A617800E4035E /* Sources */ = {
			isa = PBXSourcesBuildPhase;
			buildActionMask = 2147483647;
			files = (
				BA9406D61F9D8037007022EC /* MovieDisplayViewController.swift in Sources */,
				BA9406D21F9D7DF5007022EC /* SearchCollectionViewController.swift in Sources */,
				BADC7A651F9A61A900E4035E /* movie.swift in Sources */,
				BADC7A371F9A617800E4035E /* AppDelegate.swift in Sources */,
				BA9406D41F9D7F60007022EC /* SearchCollectionViewCell.swift in Sources */,
				BADC7A671F9A61C500E4035E /* SwiftyJSON.swift in Sources */,
				BA9406D81F9D812B007022EC /* FavoritesDisplayViewController.swift in Sources */,
			);
			runOnlyForDeploymentPostprocessing = 0;
		};
		BADC7A431F9A617800E4035E /* Sources */ = {
			isa = PBXSourcesBuildPhase;
			buildActionMask = 2147483647;
			files = (
				BADC7A4C1F9A617800E4035E /* MovieTimeTests.swift in Sources */,
			);
			runOnlyForDeploymentPostprocessing = 0;
		};
		BADC7A4E1F9A617800E4035E /* Sources */ = {
			isa = PBXSourcesBuildPhase;
			buildActionMask = 2147483647;
			files = (
				BADC7A571F9A617800E4035E /* MovieTimeUITests.swift in Sources */,
			);
			runOnlyForDeploymentPostprocessing = 0;
		};
/* End PBXSourcesBuildPhase section */

/* Begin PBXTargetDependency section */
		BADC7A491F9A617800E4035E /* PBXTargetDependency */ = {
			isa = PBXTargetDependency;
			target = BADC7A321F9A617800E4035E /* MovieTime */;
			targetProxy = BADC7A481F9A617800E4035E /* PBXContainerItemProxy */;
		};
		BADC7A541F9A617800E4035E /* PBXTargetDependency */ = {
			isa = PBXTargetDependency;
			target = BADC7A321F9A617800E4035E /* MovieTime */;
			targetProxy = BADC7A531F9A617800E4035E /* PBXContainerItemProxy */;
		};
/* End PBXTargetDependency section */

/* Begin PBXVariantGroup section */
		BADC7A3A1F9A617800E4035E /* Main.storyboard */ = {
			isa = PBXVariantGroup;
			children = (
				BADC7A3B1F9A617800E4035E /* Base */,
			);
			name = Main.storyboard;
			sourceTree = "<group>";
		};
		BADC7A3F1F9A617800E4035E /* LaunchScreen.storyboard */ = {
			isa = PBXVariantGroup;
			children = (
				BADC7A401F9A617800E4035E /* Base */,
			);
			name = LaunchScreen.storyboard;
			sourceTree = "<group>";
		};
/* End PBXVariantGroup section */

/* Begin XCBuildConfiguration section */
		BADC7A591F9A617800E4035E /* Debug */ = {
			isa = XCBuildConfiguration;
			buildSettings = {
				ALWAYS_SEARCH_USER_PATHS = NO;
				CLANG_ANALYZER_NONNULL = YES;
				CLANG_ANALYZER_NUMBER_OBJECT_CONVERSION = YES_AGGRESSIVE;
				CLANG_CXX_LANGUAGE_STANDARD = "gnu++0x";
				CLANG_CXX_LIBRARY = "libc++";
				CLANG_ENABLE_MODULES = YES;
				CLANG_ENABLE_OBJC_ARC = YES;
				CLANG_WARN_BOOL_CONVERSION = YES;
				CLANG_WARN_CONSTANT_CONVERSION = YES;
				CLANG_WARN_DIRECT_OBJC_ISA_USAGE = YES_ERROR;
				CLANG_WARN_DOCUMENTATION_COMMENTS = YES;
				CLANG_WARN_EMPTY_BODY = YES;
				CLANG_WARN_ENUM_CONVERSION = YES;
				CLANG_WARN_INFINITE_RECURSION = YES;
				CLANG_WARN_INT_CONVERSION = YES;
				CLANG_WARN_OBJC_ROOT_CLASS = YES_ERROR;
				CLANG_WARN_SUSPICIOUS_MOVE = YES;
				CLANG_WARN_UNREACHABLE_CODE = YES;
				CLANG_WARN__DUPLICATE_METHOD_MATCH = YES;
				"CODE_SIGN_IDENTITY[sdk=iphoneos*]" = "iPhone Developer";
				COPY_PHASE_STRIP = NO;
				DEBUG_INFORMATION_FORMAT = dwarf;
				ENABLE_STRICT_OBJC_MSGSEND = YES;
				ENABLE_TESTABILITY = YES;
				GCC_C_LANGUAGE_STANDARD = gnu99;
				GCC_DYNAMIC_NO_PIC = NO;
				GCC_NO_COMMON_BLOCKS = YES;
				GCC_OPTIMIZATION_LEVEL = 0;
				GCC_PREPROCESSOR_DEFINITIONS = (
					"DEBUG=1",
					"$(inherited)",
				);
				GCC_WARN_64_TO_32_BIT_CONVERSION = YES;
				GCC_WARN_ABOUT_RETURN_TYPE = YES_ERROR;
				GCC_WARN_UNDECLARED_SELECTOR = YES;
				GCC_WARN_UNINITIALIZED_AUTOS = YES_AGGRESSIVE;
				GCC_WARN_UNUSED_FUNCTION = YES;
				GCC_WARN_UNUSED_VARIABLE = YES;
				IPHONEOS_DEPLOYMENT_TARGET = 10.3;
				MTL_ENABLE_DEBUG_INFO = YES;
				ONLY_ACTIVE_ARCH = YES;
				SDKROOT = iphoneos;
				SWIFT_ACTIVE_COMPILATION_CONDITIONS = DEBUG;
				SWIFT_OPTIMIZATION_LEVEL = "-Onone";
				TARGETED_DEVICE_FAMILY = "1,2";
			};
			name = Debug;
		};
		BADC7A5A1F9A617800E4035E /* Release */ = {
			isa = XCBuildConfiguration;
			buildSettings = {
				ALWAYS_SEARCH_USER_PATHS = NO;
				CLANG_ANALYZER_NONNULL = YES;
				CLANG_ANALYZER_NUMBER_OBJECT_CONVERSION = YES_AGGRESSIVE;
				CLANG_CXX_LANGUAGE_STANDARD = "gnu++0x";
				CLANG_CXX_LIBRARY = "libc++";
				CLANG_ENABLE_MODULES = YES;
				CLANG_ENABLE_OBJC_ARC = YES;
				CLANG_WARN_BOOL_CONVERSION = YES;
				CLANG_WARN_CONSTANT_CONVERSION = YES;
				CLANG_WARN_DIRECT_OBJC_ISA_USAGE = YES_ERROR;
				CLANG_WARN_DOCUMENTATION_COMMENTS = YES;
				CLANG_WARN_EMPTY_BODY = YES;
				CLANG_WARN_ENUM_CONVERSION = YES;
				CLANG_WARN_INFINITE_RECURSION = YES;
				CLANG_WARN_INT_CONVERSION = YES;
				CLANG_WARN_OBJC_ROOT_CLASS = YES_ERROR;
				CLANG_WARN_SUSPICIOUS_MOVE = YES;
				CLANG_WARN_UNREACHABLE_CODE = YES;
				CLANG_WARN__DUPLICATE_METHOD_MATCH = YES;
				"CODE_SIGN_IDENTITY[sdk=iphoneos*]" = "iPhone Developer";
				COPY_PHASE_STRIP = NO;
				DEBUG_INFORMATION_FORMAT = "dwarf-with-dsym";
				ENABLE_NS_ASSERTIONS = NO;
				ENABLE_STRICT_OBJC_MSGSEND = YES;
				GCC_C_LANGUAGE_STANDARD = gnu99;
				GCC_NO_COMMON_BLOCKS = YES;
				GCC_WARN_64_TO_32_BIT_CONVERSION = YES;
				GCC_WARN_ABOUT_RETURN_TYPE = YES_ERROR;
				GCC_WARN_UNDECLARED_SELECTOR = YES;
				GCC_WARN_UNINITIALIZED_AUTOS = YES_AGGRESSIVE;
				GCC_WARN_UNUSED_FUNCTION = YES;
				GCC_WARN_UNUSED_VARIABLE = YES;
				IPHONEOS_DEPLOYMENT_TARGET = 10.3;
				MTL_ENABLE_DEBUG_INFO = NO;
				SDKROOT = iphoneos;
				SWIFT_OPTIMIZATION_LEVEL = "-Owholemodule";
				TARGETED_DEVICE_FAMILY = "1,2";
				VALIDATE_PRODUCT = YES;
			};
			name = Release;
		};
		BADC7A5C1F9A617800E4035E /* Debug */ = {
			isa = XCBuildConfiguration;
			buildSettings = {
				ASSETCATALOG_COMPILER_APPICON_NAME = AppIcon;
				INFOPLIST_FILE = MovieTime/Info.plist;
				LD_RUNPATH_SEARCH_PATHS = "$(inherited) @executable_path/Frameworks";
				PRODUCT_BUNDLE_IDENTIFIER = evandhillon.com.MovieTime;
				PRODUCT_NAME = "$(TARGET_NAME)";
				SWIFT_VERSION = 3.0;
			};
			name = Debug;
		};
		BADC7A5D1F9A617800E4035E /* Release */ = {
			isa = XCBuildConfiguration;
			buildSettings = {
				ASSETCATALOG_COMPILER_APPICON_NAME = AppIcon;
				INFOPLIST_FILE = MovieTime/Info.plist;
				LD_RUNPATH_SEARCH_PATHS = "$(inherited) @executable_path/Frameworks";
				MTL_ENABLE_DEBUG_INFO = NO;
				PRODUCT_BUNDLE_IDENTIFIER = evandhillon.com.MovieTime;
				PRODUCT_NAME = "$(TARGET_NAME)";
				SWIFT_VERSION = 3.0;
			};
			name = Release;
		};
		BADC7A5F1F9A617800E4035E /* Debug */ = {
			isa = XCBuildConfiguration;
			buildSettings = {
				ALWAYS_EMBED_SWIFT_STANDARD_LIBRARIES = YES;
				BUNDLE_LOADER = "$(TEST_HOST)";
				INFOPLIST_FILE = MovieTimeTests/Info.plist;
				LD_RUNPATH_SEARCH_PATHS = "$(inherited) @executable_path/Frameworks @loader_path/Frameworks";
				PRODUCT_BUNDLE_IDENTIFIER = evandhillon.com.MovieTimeTests;
				PRODUCT_NAME = "$(TARGET_NAME)";
				SWIFT_VERSION = 3.0;
				TEST_HOST = "$(BUILT_PRODUCTS_DIR)/MovieTime.app/MovieTime";
			};
			name = Debug;
		};
		BADC7A601F9A617800E4035E /* Release */ = {
			isa = XCBuildConfiguration;
			buildSettings = {
				ALWAYS_EMBED_SWIFT_STANDARD_LIBRARIES = YES;
				BUNDLE_LOADER = "$(TEST_HOST)";
				INFOPLIST_FILE = MovieTimeTests/Info.plist;
				LD_RUNPATH_SEARCH_PATHS = "$(inherited) @executable_path/Frameworks @loader_path/Frameworks";
				PRODUCT_BUNDLE_IDENTIFIER = evandhillon.com.MovieTimeTests;
				PRODUCT_NAME = "$(TARGET_NAME)";
				SWIFT_VERSION = 3.0;
				TEST_HOST = "$(BUILT_PRODUCTS_DIR)/MovieTime.app/MovieTime";
			};
			name = Release;
		};
		BADC7A621F9A617800E4035E /* Debug */ = {
			isa = XCBuildConfiguration;
			buildSettings = {
				ALWAYS_EMBED_SWIFT_STANDARD_LIBRARIES = YES;
				INFOPLIST_FILE = MovieTimeUITests/Info.plist;
				LD_RUNPATH_SEARCH_PATHS = "$(inherited) @executable_path/Frameworks @loader_path/Frameworks";
				PRODUCT_BUNDLE_IDENTIFIER = evandhillon.com.MovieTimeUITests;
				PRODUCT_NAME = "$(TARGET_NAME)";
				SWIFT_VERSION = 3.0;
				TEST_TARGET_NAME = MovieTime;
			};
			name = Debug;
		};
		BADC7A631F9A617800E4035E /* Release */ = {
			isa = XCBuildConfiguration;
			buildSettings = {
				ALWAYS_EMBED_SWIFT_STANDARD_LIBRARIES = YES;
				INFOPLIST_FILE = MovieTimeUITests/Info.plist;
				LD_RUNPATH_SEARCH_PATHS = "$(inherited) @executable_path/Frameworks @loader_path/Frameworks";
				PRODUCT_BUNDLE_IDENTIFIER = evandhillon.com.MovieTimeUITests;
				PRODUCT_NAME = "$(TARGET_NAME)";
				SWIFT_VERSION = 3.0;
				TEST_TARGET_NAME = MovieTime;
			};
			name = Release;
		};
/* End XCBuildConfiguration section */

/* Begin XCConfigurationList section */
		BADC7A2E1F9A617800E4035E /* Build configuration list for PBXProject "MovieTime" */ = {
			isa = XCConfigurationList;
			buildConfigurations = (
				BADC7A591F9A617800E4035E /* Debug */,
				BADC7A5A1F9A617800E4035E /* Release */,
			);
			defaultConfigurationIsVisible = 0;
			defaultConfigurationName = Release;
		};
		BADC7A5B1F9A617800E4035E /* Build configuration list for PBXNativeTarget "MovieTime" */ = {
			isa = XCConfigurationList;
			buildConfigurations = (
				BADC7A5C1F9A617800E4035E /* Debug */,
				BADC7A5D1F9A617800E4035E /* Release */,
			);
			defaultConfigurationIsVisible = 0;
			defaultConfigurationName = Release;
		};
		BADC7A5E1F9A617800E4035E /* Build configuration list for PBXNativeTarget "MovieTimeTests" */ = {
			isa = XCConfigurationList;
			buildConfigurations = (
				BADC7A5F1F9A617800E4035E /* Debug */,
				BADC7A601F9A617800E4035E /* Release */,
			);
			defaultConfigurationIsVisible = 0;
			defaultConfigurationName = Release;
		};
		BADC7A611F9A617800E4035E /* Build configuration list for PBXNativeTarget "MovieTimeUITests" */ = {
			isa = XCConfigurationList;
			buildConfigurations = (
				BADC7A621F9A617800E4035E /* Debug */,
				BADC7A631F9A617800E4035E /* Release */,
			);
			defaultConfigurationIsVisible = 0;
			defaultConfigurationName = Release;
		};
/* End XCConfigurationList section */
	};
	rootObject = BADC7A2B1F9A617700E4035E /* Project object */;
}
